
Microsoft Visual Studio Solution File, Format Version 12.00
# Visual Studio Version 17
VisualStudioVersion = 17.5.33414.496
MinimumVisualStudioVersion = 10.0.40219.1
Project("{9A19103F-16F7-4668-BE54-9A1E7A4F7556}") = "RugbyUnionApi", "RugbyUnionApi\RugbyUnionApi.csproj", "{7133A367-0DFB-47C4-B4BC-713E72D39D92}"
EndProject
Project("{FAE04EC0-301F-11D3-BF4B-00C04F79EFBC}") = "RugbyUnionApi.Tests", "RugbyUnionApi.Tests\RugbyUnionApi.Tests.csproj", "{81D4A217-68CC-4B41-933B-84ADAED095F9}"
EndProject
Global
	GlobalSection(SolutionConfigurationPlatforms) = preSolution
		Debug|Any CPU = Debug|Any CPU
		Release|Any CPU = Release|Any CPU
	EndGlobalSection
	GlobalSection(ProjectConfigurationPlatforms) = postSolution
		{7133A367-0DFB-47C4-B4BC-713E72D39D92}.Debug|Any CPU.ActiveCfg = Debug|Any CPU
		{7133A367-0DFB-47C4-B4BC-713E72D39D92}.Debug|Any CPU.Build.0 = Debug|Any CPU
		{7133A367-0DFB-47C4-B4BC-713E72D39D92}.Release|Any CPU.ActiveCfg = Release|Any CPU
		{7133A367-0DFB-47C4-B4BC-713E72D39D92}.Release|Any CPU.Build.0 = Release|Any CPU
		{81D4A217-68CC-4B41-933B-84ADAED095F9}.Debug|Any CPU.ActiveCfg = Debug|Any CPU
		{81D4A217-68CC-4B41-933B-84ADAED095F9}.Debug|Any CPU.Build.0 = Debug|Any CPU
		{81D4A217-68CC-4B41-933B-84ADAED095F9}.Release|Any CPU.ActiveCfg = Release|Any CPU
		{81D4A217-68CC-4B41-933B-84ADAED095F9}.Release|Any CPU.Build.0 = Release|Any CPU
	EndGlobalSection
	GlobalSection(SolutionProperties) = preSolution
		HideSolutionNode = FALSE
	EndGlobalSection
	GlobalSection(ExtensibilityGlobals) = postSolution
		SolutionGuid = {5023AFA3-0424-44A4-B88A-9B025E91A5E0}
	EndGlobalSection
EndGlobal
